
Microsoft Visual Studio Solution File, Format Version 12.00
# Visual Studio 15
VisualStudioVersion = 15.0.28010.2016
MinimumVisualStudioVersion = 10.0.40219.1
Project("{8BC9CEB8-8B4A-11D0-8D11-00A0C91BC942}") = "Lab6", "Lab6\Lab6.vcxproj", "{B0CF65F5-B4D0-4E01-9630-8E2878AF5850}"
EndProject
Global
	GlobalSection(SolutionConfigurationPlatforms) = preSolution
		Debug|x64 = Debug|x64
		Debug|x86 = Debug|x86
		Release|x64 = Release|x64
		Release|x86 = Release|x86
	EndGlobalSection
	GlobalSection(ProjectConfigurationPlatforms) = postSolution
		{B0CF65F5-B4D0-4E01-9630-8E2878AF5850}.Debug|x64.ActiveCfg = Debug|x64
		{B0CF65F5-B4D0-4E01-9630-8E2878AF5850}.Debug|x64.Build.0 = Debug|x64
		{B0CF65F5-B4D0-4E01-9630-8E2878AF5850}.Debug|x86.ActiveCfg = Debug|Win32
		{B0CF65F5-B4D0-4E01-9630-8E2878AF5850}.Debug|x86.Build.0 = Debug|Win32
		{B0CF65F5-B4D0-4E01-9630-8E2878AF5850}.Release|x64.ActiveCfg = Release|x64
		{B0CF65F5-B4D0-4E01-9630-8E2878AF5850}.Release|x64.Build.0 = Release|x64
		{B0CF65F5-B4D0-4E01-9630-8E2878AF5850}.Release|x86.ActiveCfg = Release|Win32
		{B0CF65F5-B4D0-4E01-9630-8E2878AF5850}.Release|x86.Build.0 = Release|Win32
	EndGlobalSection
	GlobalSection(SolutionProperties) = preSolution
		HideSolutionNode = FALSE
	EndGlobalSection
	GlobalSection(ExtensibilityGlobals) = postSolution
		SolutionGuid = {A526CFC0-EC29-4EE5-A77F-1B0393A8B68E}
	EndGlobalSection
EndGlobal
